
Microsoft Visual Studio Solution File, Format Version 12.00
# Visual Studio Version 16
VisualStudioVersion = 16.0.31410.357
MinimumVisualStudioVersion = 10.0.40219.1
Project("{FAE04EC0-301F-11D3-BF4B-00C04F79EFBC}") = "KlayFlight", "KlayFlight\KlayFlight.csproj", "{FBFAF810-0EEA-4E69-8663-CD9854C724D9}"
EndProject
Global
	GlobalSection(SolutionConfigurationPlatforms) = preSolution
		Debug|Any CPU = Debug|Any CPU
		Release|Any CPU = Release|Any CPU
	EndGlobalSection
	GlobalSection(ProjectConfigurationPlatforms) = postSolution
		{FBFAF810-0EEA-4E69-8663-CD9854C724D9}.Debug|Any CPU.ActiveCfg = Debug|Any CPU
		{FBFAF810-0EEA-4E69-8663-CD9854C724D9}.Debug|Any CPU.Build.0 = Debug|Any CPU
		{FBFAF810-0EEA-4E69-8663-CD9854C724D9}.Release|Any CPU.ActiveCfg = Release|Any CPU
		{FBFAF810-0EEA-4E69-8663-CD9854C724D9}.Release|Any CPU.Build.0 = Release|Any CPU
	EndGlobalSection
	GlobalSection(SolutionProperties) = preSolution
		HideSolutionNode = FALSE
	EndGlobalSection
	GlobalSection(ExtensibilityGlobals) = postSolution
		SolutionGuid = {283D2F1D-8E6E-4766-9C82-D10FCF7A0142}
	EndGlobalSection
EndGlobal
